
Microsoft Visual Studio Solution File, Format Version 11.00
# Visual Studio 2010
Project("{FAE04EC0-301F-11D3-BF4B-00C04F79EFBC}") = "net", "Assembly-CSharp.csproj", "{96DA6CEA-AC72-0B7E-D5BB-EEA43212B7DC}"
EndProject
Project("{FAE04EC0-301F-11D3-BF4B-00C04F79EFBC}") = "net", "Assembly-CSharp-Editor.csproj", "{CC385939-4524-2792-1231-7D014CA6E6BC}"
EndProject
Global
	GlobalSection(SolutionConfigurationPlatforms) = preSolution
		Debug|Any CPU = Debug|Any CPU
		Release|Any CPU = Release|Any CPU
	EndGlobalSection
	GlobalSection(ProjectConfigurationPlatforms) = postSolution
		{96DA6CEA-AC72-0B7E-D5BB-EEA43212B7DC}.Debug|Any CPU.ActiveCfg = Debug|Any CPU
		{96DA6CEA-AC72-0B7E-D5BB-EEA43212B7DC}.Debug|Any CPU.Build.0 = Debug|Any CPU
		{96DA6CEA-AC72-0B7E-D5BB-EEA43212B7DC}.Release|Any CPU.ActiveCfg = Release|Any CPU
		{96DA6CEA-AC72-0B7E-D5BB-EEA43212B7DC}.Release|Any CPU.Build.0 = Release|Any CPU
		{CC385939-4524-2792-1231-7D014CA6E6BC}.Debug|Any CPU.ActiveCfg = Debug|Any CPU
		{CC385939-4524-2792-1231-7D014CA6E6BC}.Debug|Any CPU.Build.0 = Debug|Any CPU
		{CC385939-4524-2792-1231-7D014CA6E6BC}.Release|Any CPU.ActiveCfg = Release|Any CPU
		{CC385939-4524-2792-1231-7D014CA6E6BC}.Release|Any CPU.Build.0 = Release|Any CPU
	EndGlobalSection
	GlobalSection(SolutionProperties) = preSolution
		HideSolutionNode = FALSE
	EndGlobalSection
	GlobalSection(MonoDevelopProperties) = preSolution
		StartupItem = Assembly-CSharp.csproj
	EndGlobalSection
EndGlobal
